
Microsoft Visual Studio Solution File, Format Version 11.00
# Visual Studio 2010
Project("{FAE04EC0-301F-11D3-BF4B-00C04F79EFBC}") = "Assembly-CSharp", "Assembly-CSharp.csproj", "{79A930F8-57D0-3DF2-D987-4B0362E99146}"
EndProject
Project("{FAE04EC0-301F-11D3-BF4B-00C04F79EFBC}") = "Assembly-CSharp-Editor", "Assembly-CSharp-Editor.csproj", "{A0088863-6FDA-44AE-8073-7B96658CC1AB}"
EndProject
Global
	GlobalSection(SolutionConfigurationPlatforms) = preSolution
		Debug|Any CPU = Debug|Any CPU
		Release|Any CPU = Release|Any CPU
	EndGlobalSection
	GlobalSection(ProjectConfigurationPlatforms) = postSolution
		{79A930F8-57D0-3DF2-D987-4B0362E99146}.Debug|Any CPU.ActiveCfg = Debug|Any CPU
		{79A930F8-57D0-3DF2-D987-4B0362E99146}.Debug|Any CPU.Build.0 = Debug|Any CPU
		{79A930F8-57D0-3DF2-D987-4B0362E99146}.Release|Any CPU.ActiveCfg = Release|Any CPU
		{79A930F8-57D0-3DF2-D987-4B0362E99146}.Release|Any CPU.Build.0 = Release|Any CPU
		{A0088863-6FDA-44AE-8073-7B96658CC1AB}.Debug|Any CPU.ActiveCfg = Debug|Any CPU
		{A0088863-6FDA-44AE-8073-7B96658CC1AB}.Debug|Any CPU.Build.0 = Debug|Any CPU
		{A0088863-6FDA-44AE-8073-7B96658CC1AB}.Release|Any CPU.ActiveCfg = Release|Any CPU
		{A0088863-6FDA-44AE-8073-7B96658CC1AB}.Release|Any CPU.Build.0 = Release|Any CPU
	EndGlobalSection
	GlobalSection(SolutionProperties) = preSolution
		HideSolutionNode = FALSE
	EndGlobalSection
EndGlobal
